
Microsoft Visual Studio Solution File, Format Version 12.00
# Visual Studio Version 17
VisualStudioVersion = 17.11.35222.181
MinimumVisualStudioVersion = 10.0.40219.1
Project("{FAE04EC0-301F-11D3-BF4B-00C04F79EFBC}") = "SecondHotelProject", "SecondHotelProject\SecondHotelProject.csproj", "{A302819C-1DB9-463E-95F7-6A2B78767A3A}"
EndProject
Global
	GlobalSection(SolutionConfigurationPlatforms) = preSolution
		Debug|Any CPU = Debug|Any CPU
		Release|Any CPU = Release|Any CPU
	EndGlobalSection
	GlobalSection(ProjectConfigurationPlatforms) = postSolution
		{A302819C-1DB9-463E-95F7-6A2B78767A3A}.Debug|Any CPU.ActiveCfg = Debug|Any CPU
		{A302819C-1DB9-463E-95F7-6A2B78767A3A}.Debug|Any CPU.Build.0 = Debug|Any CPU
		{A302819C-1DB9-463E-95F7-6A2B78767A3A}.Release|Any CPU.ActiveCfg = Release|Any CPU
		{A302819C-1DB9-463E-95F7-6A2B78767A3A}.Release|Any CPU.Build.0 = Release|Any CPU
	EndGlobalSection
	GlobalSection(SolutionProperties) = preSolution
		HideSolutionNode = FALSE
	EndGlobalSection
	GlobalSection(ExtensibilityGlobals) = postSolution
		SolutionGuid = {66E58AC5-2AB5-4B0E-99AE-4779DB359DB5}
	EndGlobalSection
EndGlobal
